// !$*UTF8*$!
{
	archiveVersion = 1;
	classes = {
	};
	objectVersion = 46;
	objects = {

/* Begin PBXBuildFile section */
		15A2AB751894ABD10075B056 /* Foundation.framework in Frameworks */ = {isa = PBXBuildFile; fileRef = 15A2AB741894ABD10075B056 /* Foundation.framework */; };
		15A2AB771894ABD10075B056 /* CoreGraphics.framework in Frameworks */ = {isa = PBXBuildFile; fileRef = 15A2AB761894ABD10075B056 /* CoreGraphics.framework */; };
		15A2AB791894ABD10075B056 /* UIKit.framework in Frameworks */ = {isa = PBXBuildFile; fileRef = 15A2AB781894ABD10075B056 /* UIKit.framework */; };
		15A2AB7F1894ABD10075B056 /* InfoPlist.strings in Resources */ = {isa = PBXBuildFile; fileRef = 15A2AB7D1894ABD10075B056 /* InfoPlist.strings */; };
		15A2AB811894ABD20075B056 /* main.m in Sources */ = {isa = PBXBuildFile; fileRef = 15A2AB801894ABD20075B056 /* main.m */; };
		15A2AB851894ABD20075B056 /* IDZAppDelegate.m in Sources */ = {isa = PBXBuildFile; fileRef = 15A2AB841894ABD20075B056 /* IDZAppDelegate.m */; };
		15A2AB871894ABD20075B056 /* Images.xcassets in Resources */ = {isa = PBXBuildFile; fileRef = 15A2AB861894ABD20075B056 /* Images.xcassets */; };
		15A2AB8E1894ABD20075B056 /* XCTest.framework in Frameworks */ = {isa = PBXBuildFile; fileRef = 15A2AB8D1894ABD20075B056 /* XCTest.framework */; };
		15A2AB8F1894ABD20075B056 /* Foundation.framework in Frameworks */ = {isa = PBXBuildFile; fileRef = 15A2AB741894ABD10075B056 /* Foundation.framework */; };
		15A2AB901894ABD20075B056 /* UIKit.framework in Frameworks */ = {isa = PBXBuildFile; fileRef = 15A2AB781894ABD10075B056 /* UIKit.framework */; };
		15A2AB981894ABD20075B056 /* InfoPlist.strings in Resources */ = {isa = PBXBuildFile; fileRef = 15A2AB961894ABD20075B056 /* InfoPlist.strings */; };
		15A2AB9A1894ABD20075B056 /* TwitterClientTests.m in Sources */ = {isa = PBXBuildFile; fileRef = 15A2AB991894ABD20075B056 /* TwitterClientTests.m */; };
		15A2ABA91894C08B0075B056 /* LoggedOut.storyboard in Resources */ = {isa = PBXBuildFile; fileRef = 15A2ABA81894C08B0075B056 /* LoggedOut.storyboard */; };
		15A2ABAB1894C0970075B056 /* LoggedIn.storyboard in Resources */ = {isa = PBXBuildFile; fileRef = 15A2ABAA1894C0970075B056 /* LoggedIn.storyboard */; };
		15A2ABAE1894CB4C0075B056 /* IDZTwitterClient.m in Sources */ = {isa = PBXBuildFile; fileRef = 15A2ABAD1894CB4C0075B056 /* IDZTwitterClient.m */; };
		15A2ABB21894D3670075B056 /* IDZLoggedOutViewController.m in Sources */ = {isa = PBXBuildFile; fileRef = 15A2ABB11894D3670075B056 /* IDZLoggedOutViewController.m */; };
		15A2ABB51894DE0E0075B056 /* IDZTweetsViewController.m in Sources */ = {isa = PBXBuildFile; fileRef = 15A2ABB41894DE0E0075B056 /* IDZTweetsViewController.m */; };
		15A2ABB91894E0D80075B056 /* IDZUser.m in Sources */ = {isa = PBXBuildFile; fileRef = 15A2ABB81894E0D80075B056 /* IDZUser.m */; };
		15A2ABBC1894E78F0075B056 /* IDZTweet.m in Sources */ = {isa = PBXBuildFile; fileRef = 15A2ABBB1894E78F0075B056 /* IDZTweet.m */; };
		15A2ABC01894FB8F0075B056 /* IDZTweetCell.m in Sources */ = {isa = PBXBuildFile; fileRef = 15A2ABBF1894FB8F0075B056 /* IDZTweetCell.m */; };
		15CDB0DD1898B8FA00CCF90F /* IDZTweetDetailViewController.m in Sources */ = {isa = PBXBuildFile; fileRef = 15CDB0DC1898B8FA00CCF90F /* IDZTweetDetailViewController.m */; };
		15CDB0E2189A418900CCF90F /* 02-redo.png in Resources */ = {isa = PBXBuildFile; fileRef = 15CDB0DF189A418900CCF90F /* 02-redo.png */; };
		15CDB0E3189A418900CCF90F /* 28-star.png in Resources */ = {isa = PBXBuildFile; fileRef = 15CDB0E0189A418900CCF90F /* 28-star.png */; };
		15CDB0E4189A418900CCF90F /* 187-pencil.png in Resources */ = {isa = PBXBuildFile; fileRef = 15CDB0E1189A418900CCF90F /* 187-pencil.png */; };
		15CDB0E6189A450F00CCF90F /* 01-refresh.png in Resources */ = {isa = PBXBuildFile; fileRef = 15CDB0E5189A450F00CCF90F /* 01-refresh.png */; };
		91CCC46B20304BA69D4F3D9D /* libPods.a in Frameworks */ = {isa = PBXBuildFile; fileRef = B6F6BA6A38594B8A9972E88D /* libPods.a */; };
/* End PBXBuildFile section */

/* Begin PBXContainerItemProxy section */
		15A2AB911894ABD20075B056 /* PBXContainerItemProxy */ = {
			isa = PBXContainerItemProxy;
			containerPortal = 15A2AB691894ABD10075B056 /* Project object */;
			proxyType = 1;
			remoteGlobalIDString = 15A2AB701894ABD10075B056;
			remoteInfo = TwitterClient;
		};
/* End PBXContainerItemProxy section */

/* Begin PBXFileReference section */
		15A2AB711894ABD10075B056 /* TwitterClient.app */ = {isa = PBXFileReference; explicitFileType = wrapper.application; includeInIndex = 0; path = TwitterClient.app; sourceTree = BUILT_PRODUCTS_DIR; };
		15A2AB741894ABD10075B056 /* Foundation.framework */ = {isa = PBXFileReference; lastKnownFileType = wrapper.framework; name = Foundation.framework; path = System/Library/Frameworks/Foundation.framework; sourceTree = SDKROOT; };
		15A2AB761894ABD10075B056 /* CoreGraphics.framework */ = {isa = PBXFileReference; lastKnownFileType = wrapper.framework; name = CoreGraphics.framework; path = System/Library/Frameworks/CoreGraphics.framework; sourceTree = SDKROOT; };
		15A2AB781894ABD10075B056 /* UIKit.framework */ = {isa = PBXFileReference; lastKnownFileType = wrapper.framework; name = UIKit.framework; path = System/Library/Frameworks/UIKit.framework; sourceTree = SDKROOT; };
		15A2AB7C1894ABD10075B056 /* TwitterClient-Info.plist */ = {isa = PBXFileReference; lastKnownFileType = text.plist.xml; path = "TwitterClient-Info.plist"; sourceTree = "<group>"; };
		15A2AB7E1894ABD10075B056 /* en */ = {isa = PBXFileReference; lastKnownFileType = text.plist.strings; name = en; path = en.lproj/InfoPlist.strings; sourceTree = "<group>"; };
		15A2AB801894ABD20075B056 /* main.m */ = {isa = PBXFileReference; lastKnownFileType = sourcecode.c.objc; path = main.m; sourceTree = "<group>"; };
		15A2AB821894ABD20075B056 /* TwitterClient-Prefix.pch */ = {isa = PBXFileReference; lastKnownFileType = sourcecode.c.h; path = "TwitterClient-Prefix.pch"; sourceTree = "<group>"; };
		15A2AB831894ABD20075B056 /* IDZAppDelegate.h */ = {isa = PBXFileReference; lastKnownFileType = sourcecode.c.h; path = IDZAppDelegate.h; sourceTree = "<group>"; };
		15A2AB841894ABD20075B056 /* IDZAppDelegate.m */ = {isa = PBXFileReference; lastKnownFileType = sourcecode.c.objc; path = IDZAppDelegate.m; sourceTree = "<group>"; };
		15A2AB861894ABD20075B056 /* Images.xcassets */ = {isa = PBXFileReference; lastKnownFileType = folder.assetcatalog; path = Images.xcassets; sourceTree = "<group>"; };
		15A2AB8C1894ABD20075B056 /* TwitterClientTests.xctest */ = {isa = PBXFileReference; explicitFileType = wrapper.cfbundle; includeInIndex = 0; path = TwitterClientTests.xctest; sourceTree = BUILT_PRODUCTS_DIR; };
		15A2AB8D1894ABD20075B056 /* XCTest.framework */ = {isa = PBXFileReference; lastKnownFileType = wrapper.framework; name = XCTest.framework; path = Library/Frameworks/XCTest.framework; sourceTree = DEVELOPER_DIR; };
		15A2AB951894ABD20075B056 /* TwitterClientTests-Info.plist */ = {isa = PBXFileReference; lastKnownFileType = text.plist.xml; path = "TwitterClientTests-Info.plist"; sourceTree = "<group>"; };
		15A2AB971894ABD20075B056 /* en */ = {isa = PBXFileReference; lastKnownFileType = text.plist.strings; name = en; path = en.lproj/InfoPlist.strings; sourceTree = "<group>"; };
		15A2AB991894ABD20075B056 /* TwitterClientTests.m */ = {isa = PBXFileReference; lastKnownFileType = sourcecode.c.objc; path = TwitterClientTests.m; sourceTree = "<group>"; };
		15A2ABA81894C08B0075B056 /* LoggedOut.storyboard */ = {isa = PBXFileReference; fileEncoding = 4; lastKnownFileType = file.storyboard; path = LoggedOut.storyboard; sourceTree = "<group>"; };
		15A2ABAA1894C0970075B056 /* LoggedIn.storyboard */ = {isa = PBXFileReference; fileEncoding = 4; lastKnownFileType = file.storyboard; path = LoggedIn.storyboard; sourceTree = "<group>"; };
		15A2ABAC1894CB4C0075B056 /* IDZTwitterClient.h */ = {isa = PBXFileReference; fileEncoding = 4; lastKnownFileType = sourcecode.c.h; path = IDZTwitterClient.h; sourceTree = "<group>"; };
		15A2ABAD1894CB4C0075B056 /* IDZTwitterClient.m */ = {isa = PBXFileReference; fileEncoding = 4; lastKnownFileType = sourcecode.c.objc; path = IDZTwitterClient.m; sourceTree = "<group>"; };
		15A2ABB01894D3670075B056 /* IDZLoggedOutViewController.h */ = {isa = PBXFileReference; fileEncoding = 4; lastKnownFileType = sourcecode.c.h; path = IDZLoggedOutViewController.h; sourceTree = "<group>"; };
		15A2ABB11894D3670075B056 /* IDZLoggedOutViewController.m */ = {isa = PBXFileReference; fileEncoding = 4; lastKnownFileType = sourcecode.c.objc; path = IDZLoggedOutViewController.m; sourceTree = "<group>"; };
		15A2ABB31894DE0E0075B056 /* IDZTweetsViewController.h */ = {isa = PBXFileReference; fileEncoding = 4; lastKnownFileType = sourcecode.c.h; path = IDZTweetsViewController.h; sourceTree = "<group>"; };
		15A2ABB41894DE0E0075B056 /* IDZTweetsViewController.m */ = {isa = PBXFileReference; fileEncoding = 4; lastKnownFileType = sourcecode.c.objc; path = IDZTweetsViewController.m; sourceTree = "<group>"; };
		15A2ABB71894E0D80075B056 /* IDZUser.h */ = {isa = PBXFileReference; fileEncoding = 4; lastKnownFileType = sourcecode.c.h; path = IDZUser.h; sourceTree = "<group>"; };
		15A2ABB81894E0D80075B056 /* IDZUser.m */ = {isa = PBXFileReference; fileEncoding = 4; lastKnownFileType = sourcecode.c.objc; path = IDZUser.m; sourceTree = "<group>"; };
		15A2ABBA1894E78F0075B056 /* IDZTweet.h */ = {isa = PBXFileReference; fileEncoding = 4; lastKnownFileType = sourcecode.c.h; path = IDZTweet.h; sourceTree = "<group>"; };
		15A2ABBB1894E78F0075B056 /* IDZTweet.m */ = {isa = PBXFileReference; fileEncoding = 4; lastKnownFileType = sourcecode.c.objc; path = IDZTweet.m; sourceTree = "<group>"; };
		15A2ABBE1894FB8F0075B056 /* IDZTweetCell.h */ = {isa = PBXFileReference; fileEncoding = 4; lastKnownFileType = sourcecode.c.h; path = IDZTweetCell.h; sourceTree = "<group>"; };
		15A2ABBF1894FB8F0075B056 /* IDZTweetCell.m */ = {isa = PBXFileReference; fileEncoding = 4; lastKnownFileType = sourcecode.c.objc; path = IDZTweetCell.m; sourceTree = "<group>"; };
		15CDB0DB1898B8FA00CCF90F /* IDZTweetDetailViewController.h */ = {isa = PBXFileReference; fileEncoding = 4; lastKnownFileType = sourcecode.c.h; path = IDZTweetDetailViewController.h; sourceTree = "<group>"; };
		15CDB0DC1898B8FA00CCF90F /* IDZTweetDetailViewController.m */ = {isa = PBXFileReference; fileEncoding = 4; lastKnownFileType = sourcecode.c.objc; path = IDZTweetDetailViewController.m; sourceTree = "<group>"; };
		15CDB0DF189A418900CCF90F /* 02-redo.png */ = {isa = PBXFileReference; lastKnownFileType = image.png; path = "02-redo.png"; sourceTree = "<group>"; };
		15CDB0E0189A418900CCF90F /* 28-star.png */ = {isa = PBXFileReference; lastKnownFileType = image.png; path = "28-star.png"; sourceTree = "<group>"; };
		15CDB0E1189A418900CCF90F /* 187-pencil.png */ = {isa = PBXFileReference; lastKnownFileType = image.png; path = "187-pencil.png"; sourceTree = "<group>"; };
		15CDB0E5189A450F00CCF90F /* 01-refresh.png */ = {isa = PBXFileReference; lastKnownFileType = image.png; path = "01-refresh.png"; sourceTree = "<group>"; };
		A3AC4D5A77D14647A7337772 /* Pods.xcconfig */ = {isa = PBXFileReference; includeInIndex = 1; lastKnownFileType = text.xcconfig; name = Pods.xcconfig; path = Pods/Pods.xcconfig; sourceTree = "<group>"; };
		B6F6BA6A38594B8A9972E88D /* libPods.a */ = {isa = PBXFileReference; explicitFileType = archive.ar; includeInIndex = 0; path = libPods.a; sourceTree = BUILT_PRODUCTS_DIR; };
/* End PBXFileReference section */

/* Begin PBXFrameworksBuildPhase section */
		15A2AB6E1894ABD10075B056 /* Frameworks */ = {
			isa = PBXFrameworksBuildPhase;
			buildActionMask = 2147483647;
			files = (
				15A2AB771894ABD10075B056 /* CoreGraphics.framework in Frameworks */,
				15A2AB791894ABD10075B056 /* UIKit.framework in Frameworks */,
				15A2AB751894ABD10075B056 /* Foundation.framework in Frameworks */,
				91CCC46B20304BA69D4F3D9D /* libPods.a in Frameworks */,
			);
			runOnlyForDeploymentPostprocessing = 0;
		};
		15A2AB891894ABD20075B056 /* Frameworks */ = {
			isa = PBXFrameworksBuildPhase;
			buildActionMask = 2147483647;
			files = (
				15A2AB8E1894ABD20075B056 /* XCTest.framework in Frameworks */,
				15A2AB901894ABD20075B056 /* UIKit.framework in Frameworks */,
				15A2AB8F1894ABD20075B056 /* Foundation.framework in Frameworks */,
			);
			runOnlyForDeploymentPostprocessing = 0;
		};
/* End PBXFrameworksBuildPhase section */

/* Begin PBXGroup section */
		15A2AB681894ABD10075B056 = {
			isa = PBXGroup;
			children = (
				15A2AB7A1894ABD10075B056 /* TwitterClient */,
				15A2AB931894ABD20075B056 /* TwitterClientTests */,
				15A2AB731894ABD10075B056 /* Frameworks */,
				15A2AB721894ABD10075B056 /* Products */,
				A3AC4D5A77D14647A7337772 /* Pods.xcconfig */,
			);
			sourceTree = "<group>";
		};
		15A2AB721894ABD10075B056 /* Products */ = {
			isa = PBXGroup;
			children = (
				15A2AB711894ABD10075B056 /* TwitterClient.app */,
				15A2AB8C1894ABD20075B056 /* TwitterClientTests.xctest */,
			);
			name = Products;
			sourceTree = "<group>";
		};
		15A2AB731894ABD10075B056 /* Frameworks */ = {
			isa = PBXGroup;
			children = (
				15A2AB741894ABD10075B056 /* Foundation.framework */,
				15A2AB761894ABD10075B056 /* CoreGraphics.framework */,
				15A2AB781894ABD10075B056 /* UIKit.framework */,
				15A2AB8D1894ABD20075B056 /* XCTest.framework */,
				B6F6BA6A38594B8A9972E88D /* libPods.a */,
			);
			name = Frameworks;
			sourceTree = "<group>";
		};
		15A2AB7A1894ABD10075B056 /* TwitterClient */ = {
			isa = PBXGroup;
			children = (
				15CDB0DE189A412300CCF90F /* Assets */,
				15A2ABBD1894FB710075B056 /* Views */,
				15A2ABB61894E0BE0075B056 /* Models */,
				15A2ABAF1894D34E0075B056 /* Controllers */,
				15A2ABA31894B8E10075B056 /* API */,
				15A2AB831894ABD20075B056 /* IDZAppDelegate.h */,
				15A2AB841894ABD20075B056 /* IDZAppDelegate.m */,
				15A2AB861894ABD20075B056 /* Images.xcassets */,
				15A2AB7B1894ABD10075B056 /* Supporting Files */,
				15A2ABA81894C08B0075B056 /* LoggedOut.storyboard */,
				15A2ABAA1894C0970075B056 /* LoggedIn.storyboard */,
			);
			path = TwitterClient;
			sourceTree = "<group>";
		};
		15A2AB7B1894ABD10075B056 /* Supporting Files */ = {
			isa = PBXGroup;
			children = (
				15A2AB7C1894ABD10075B056 /* TwitterClient-Info.plist */,
				15A2AB7D1894ABD10075B056 /* InfoPlist.strings */,
				15A2AB801894ABD20075B056 /* main.m */,
				15A2AB821894ABD20075B056 /* TwitterClient-Prefix.pch */,
			);
			name = "Supporting Files";
			sourceTree = "<group>";
		};
		15A2AB931894ABD20075B056 /* TwitterClientTests */ = {
			isa = PBXGroup;
			children = (
				15A2AB991894ABD20075B056 /* TwitterClientTests.m */,
				15A2AB941894ABD20075B056 /* Supporting Files */,
			);
			path = TwitterClientTests;
			sourceTree = "<group>";
		};
		15A2AB941894ABD20075B056 /* Supporting Files */ = {
			isa = PBXGroup;
			children = (
				15A2AB951894ABD20075B056 /* TwitterClientTests-Info.plist */,
				15A2AB961894ABD20075B056 /* InfoPlist.strings */,
			);
			name = "Supporting Files";
			sourceTree = "<group>";
		};
		15A2ABA31894B8E10075B056 /* API */ = {
			isa = PBXGroup;
			children = (
				15A2ABAC1894CB4C0075B056 /* IDZTwitterClient.h */,
				15A2ABAD1894CB4C0075B056 /* IDZTwitterClient.m */,
			);
			name = API;
			sourceTree = "<group>";
		};
		15A2ABAF1894D34E0075B056 /* Controllers */ = {
			isa = PBXGroup;
			children = (
				15A2ABB01894D3670075B056 /* IDZLoggedOutViewController.h */,
				15A2ABB11894D3670075B056 /* IDZLoggedOutViewController.m */,
				15A2ABB31894DE0E0075B056 /* IDZTweetsViewController.h */,
				15A2ABB41894DE0E0075B056 /* IDZTweetsViewController.m */,
				15CDB0DB1898B8FA00CCF90F /* IDZTweetDetailViewController.h */,
				15CDB0DC1898B8FA00CCF90F /* IDZTweetDetailViewController.m */,
			);
			name = Controllers;
			sourceTree = "<group>";
		};
		15A2ABB61894E0BE0075B056 /* Models */ = {
			isa = PBXGroup;
			children = (
				15A2ABB71894E0D80075B056 /* IDZUser.h */,
				15A2ABB81894E0D80075B056 /* IDZUser.m */,
				15A2ABBA1894E78F0075B056 /* IDZTweet.h */,
				15A2ABBB1894E78F0075B056 /* IDZTweet.m */,
			);
			name = Models;
			sourceTree = "<group>";
		};
		15A2ABBD1894FB710075B056 /* Views */ = {
			isa = PBXGroup;
			children = (
				15A2ABBE1894FB8F0075B056 /* IDZTweetCell.h */,
				15A2ABBF1894FB8F0075B056 /* IDZTweetCell.m */,
			);
			name = Views;
			sourceTree = "<group>";
		};
		15CDB0DE189A412300CCF90F /* Assets */ = {
			isa = PBXGroup;
			children = (
				15CDB0E5189A450F00CCF90F /* 01-refresh.png */,
				15CDB0DF189A418900CCF90F /* 02-redo.png */,
				15CDB0E0189A418900CCF90F /* 28-star.png */,
				15CDB0E1189A418900CCF90F /* 187-pencil.png */,
			);
			name = Assets;
			sourceTree = "<group>";
		};
/* End PBXGroup section */

/* Begin PBXNativeTarget section */
		15A2AB701894ABD10075B056 /* TwitterClient */ = {
			isa = PBXNativeTarget;
			buildConfigurationList = 15A2AB9D1894ABD20075B056 /* Build configuration list for PBXNativeTarget "TwitterClient" */;
			buildPhases = (
				6438B4E4B05249BDBCA5CA2B /* Check Pods Manifest.lock */,
				15A2AB6D1894ABD10075B056 /* Sources */,
				15A2AB6E1894ABD10075B056 /* Frameworks */,
				15A2AB6F1894ABD10075B056 /* Resources */,
				FA7E0FEE161C499DB546D1C9 /* Copy Pods Resources */,
			);
			buildRules = (
			);
			dependencies = (
			);
			name = TwitterClient;
			productName = TwitterClient;
			productReference = 15A2AB711894ABD10075B056 /* TwitterClient.app */;
			productType = "com.apple.product-type.application";
		};
		15A2AB8B1894ABD20075B056 /* TwitterClientTests */ = {
			isa = PBXNativeTarget;
			buildConfigurationList = 15A2ABA01894ABD20075B056 /* Build configuration list for PBXNativeTarget "TwitterClientTests" */;
			buildPhases = (
				15A2AB881894ABD20075B056 /* Sources */,
				15A2AB891894ABD20075B056 /* Frameworks */,
				15A2AB8A1894ABD20075B056 /* Resources */,
			);
			buildRules = (
			);
			dependencies = (
				15A2AB921894ABD20075B056 /* PBXTargetDependency */,
			);
			name = TwitterClientTests;
			productName = TwitterClientTests;
			productReference = 15A2AB8C1894ABD20075B056 /* TwitterClientTests.xctest */;
			productType = "com.apple.product-type.bundle.unit-test";
		};
/* End PBXNativeTarget section */

/* Begin PBXProject section */
		15A2AB691894ABD10075B056 /* Project object */ = {
			isa = PBXProject;
			attributes = {
				CLASSPREFIX = IDZ;
				LastUpgradeCheck = 0500;
				ORGANIZATIONNAME = "Anthony Powles";
				TargetAttributes = {
					15A2AB8B1894ABD20075B056 = {
						TestTargetID = 15A2AB701894ABD10075B056;
					};
				};
			};
			buildConfigurationList = 15A2AB6C1894ABD10075B056 /* Build configuration list for PBXProject "TwitterClient" */;
			compatibilityVersion = "Xcode 3.2";
			developmentRegion = English;
			hasScannedForEncodings = 0;
			knownRegions = (
				en,
			);
			mainGroup = 15A2AB681894ABD10075B056;
			productRefGroup = 15A2AB721894ABD10075B056 /* Products */;
			projectDirPath = "";
			projectRoot = "";
			targets = (
				15A2AB701894ABD10075B056 /* TwitterClient */,
				15A2AB8B1894ABD20075B056 /* TwitterClientTests */,
			);
		};
/* End PBXProject section */

/* Begin PBXResourcesBuildPhase section */
		15A2AB6F1894ABD10075B056 /* Resources */ = {
			isa = PBXResourcesBuildPhase;
			buildActionMask = 2147483647;
			files = (
				15CDB0E2189A418900CCF90F /* 02-redo.png in Resources */,
				15A2ABA91894C08B0075B056 /* LoggedOut.storyboard in Resources */,
				15A2AB7F1894ABD10075B056 /* InfoPlist.strings in Resources */,
				15A2AB871894ABD20075B056 /* Images.xcassets in Resources */,
				15A2ABAB1894C0970075B056 /* LoggedIn.storyboard in Resources */,
				15CDB0E4189A418900CCF90F /* 187-pencil.png in Resources */,
				15CDB0E6189A450F00CCF90F /* 01-refresh.png in Resources */,
				15CDB0E3189A418900CCF90F /* 28-star.png in Resources */,
			);
			runOnlyForDeploymentPostprocessing = 0;
		};
		15A2AB8A1894ABD20075B056 /* Resources */ = {
			isa = PBXResourcesBuildPhase;
			buildActionMask = 2147483647;
			files = (
				15A2AB981894ABD20075B056 /* InfoPlist.strings in Resources */,
			);
			runOnlyForDeploymentPostprocessing = 0;
		};
/* End PBXResourcesBuildPhase section */

/* Begin PBXShellScriptBuildPhase section */
		6438B4E4B05249BDBCA5CA2B /* Check Pods Manifest.lock */ = {
			isa = PBXShellScriptBuildPhase;
			buildActionMask = 2147483647;
			files = (
			);
			inputPaths = (
			);
			name = "Check Pods Manifest.lock";
			outputPaths = (
			);
			runOnlyForDeploymentPostprocessing = 0;
			shellPath = /bin/sh;
			shellScript = "diff \"${PODS_ROOT}/../Podfile.lock\" \"${PODS_ROOT}/Manifest.lock\" > /dev/null\nif [[ $? != 0 ]] ; then\n    cat << EOM\nerror: The sandbox is not in sync with the Podfile.lock. Run 'pod install' or update your CocoaPods installation.\nEOM\n    exit 1\nfi\n";
			showEnvVarsInLog = 0;
		};
		FA7E0FEE161C499DB546D1C9 /* Copy Pods Resources */ = {
			isa = PBXShellScriptBuildPhase;
			buildActionMask = 2147483647;
			files = (
			);
			inputPaths = (
			);
			name = "Copy Pods Resources";
			outputPaths = (
			);
			runOnlyForDeploymentPostprocessing = 0;
			shellPath = /bin/sh;
			shellScript = "\"${SRCROOT}/Pods/Pods-resources.sh\"\n";
			showEnvVarsInLog = 0;
		};
/* End PBXShellScriptBuildPhase section */

/* Begin PBXSourcesBuildPhase section */
		15A2AB6D1894ABD10075B056 /* Sources */ = {
			isa = PBXSourcesBuildPhase;
			buildActionMask = 2147483647;
			files = (
				15A2ABAE1894CB4C0075B056 /* IDZTwitterClient.m in Sources */,
				15A2ABC01894FB8F0075B056 /* IDZTweetCell.m in Sources */,
				15A2ABBC1894E78F0075B056 /* IDZTweet.m in Sources */,
				15CDB0DD1898B8FA00CCF90F /* IDZTweetDetailViewController.m in Sources */,
				15A2ABB51894DE0E0075B056 /* IDZTweetsViewController.m in Sources */,
				15A2AB851894ABD20075B056 /* IDZAppDelegate.m in Sources */,
				15A2AB811894ABD20075B056 /* main.m in Sources */,
				15A2ABB91894E0D80075B056 /* IDZUser.m in Sources */,
				15A2ABB21894D3670075B056 /* IDZLoggedOutViewController.m in Sources */,
			);
			runOnlyForDeploymentPostprocessing = 0;
		};
		15A2AB881894ABD20075B056 /* Sources */ = {
			isa = PBXSourcesBuildPhase;
			buildActionMask = 2147483647;
			files = (
				15A2AB9A1894ABD20075B056 /* TwitterClientTests.m in Sources */,
			);
			runOnlyForDeploymentPostprocessing = 0;
		};
/* End PBXSourcesBuildPhase section */

/* Begin PBXTargetDependency section */
		15A2AB921894ABD20075B056 /* PBXTargetDependency */ = {
			isa = PBXTargetDependency;
			target = 15A2AB701894ABD10075B056 /* TwitterClient */;
			targetProxy = 15A2AB911894ABD20075B056 /* PBXContainerItemProxy */;
		};
/* End PBXTargetDependency section */

/* Begin PBXVariantGroup section */
		15A2AB7D1894ABD10075B056 /* InfoPlist.strings */ = {
			isa = PBXVariantGroup;
			children = (
				15A2AB7E1894ABD10075B056 /* en */,
			);
			name = InfoPlist.strings;
			sourceTree = "<group>";
		};
		15A2AB961894ABD20075B056 /* InfoPlist.strings */ = {
			isa = PBXVariantGroup;
			children = (
				15A2AB971894ABD20075B056 /* en */,
			);
			name = InfoPlist.strings;
			sourceTree = "<group>";
		};
/* End PBXVariantGroup section */

/* Begin XCBuildConfiguration section */
		15A2AB9B1894ABD20075B056 /* Debug */ = {
			isa = XCBuildConfiguration;
			buildSettings = {
				ALWAYS_SEARCH_USER_PATHS = NO;
				ARCHS = "$(ARCHS_STANDARD_INCLUDING_64_BIT)";
				CLANG_CXX_LANGUAGE_STANDARD = "gnu++0x";
				CLANG_CXX_LIBRARY = "libc++";
				CLANG_ENABLE_MODULES = YES;
				CLANG_ENABLE_OBJC_ARC = YES;
				CLANG_WARN_BOOL_CONVERSION = YES;
				CLANG_WARN_CONSTANT_CONVERSION = YES;
				CLANG_WARN_DIRECT_OBJC_ISA_USAGE = YES_ERROR;
				CLANG_WARN_EMPTY_BODY = YES;
				CLANG_WARN_ENUM_CONVERSION = YES;
				CLANG_WARN_INT_CONVERSION = YES;
				CLANG_WARN_OBJC_ROOT_CLASS = YES_ERROR;
				CLANG_WARN__DUPLICATE_METHOD_MATCH = YES;
				"CODE_SIGN_IDENTITY[sdk=iphoneos*]" = "iPhone Developer";
				COPY_PHASE_STRIP = NO;
				GCC_C_LANGUAGE_STANDARD = gnu99;
				GCC_DYNAMIC_NO_PIC = NO;
				GCC_OPTIMIZATION_LEVEL = 0;
				GCC_PREPROCESSOR_DEFINITIONS = (
					"DEBUG=1",
					"$(inherited)",
				);
				GCC_SYMBOLS_PRIVATE_EXTERN = NO;
				GCC_WARN_64_TO_32_BIT_CONVERSION = YES;
				GCC_WARN_ABOUT_RETURN_TYPE = YES_ERROR;
				GCC_WARN_UNDECLARED_SELECTOR = YES;
				GCC_WARN_UNINITIALIZED_AUTOS = YES;
				GCC_WARN_UNUSED_FUNCTION = YES;
				GCC_WARN_UNUSED_VARIABLE = YES;
				IPHONEOS_DEPLOYMENT_TARGET = 7.0;
				ONLY_ACTIVE_ARCH = YES;
				SDKROOT = iphoneos;
			};
			name = Debug;
		};
		15A2AB9C1894ABD20075B056 /* Release */ = {
			isa = XCBuildConfiguration;
			buildSettings = {
				ALWAYS_SEARCH_USER_PATHS = NO;
				ARCHS = "$(ARCHS_STANDARD_INCLUDING_64_BIT)";
				CLANG_CXX_LANGUAGE_STANDARD = "gnu++0x";
				CLANG_CXX_LIBRARY = "libc++";
				CLANG_ENABLE_MODULES = YES;
				CLANG_ENABLE_OBJC_ARC = YES;
				CLANG_WARN_BOOL_CONVERSION = YES;
				CLANG_WARN_CONSTANT_CONVERSION = YES;
				CLANG_WARN_DIRECT_OBJC_ISA_USAGE = YES_ERROR;
				CLANG_WARN_EMPTY_BODY = YES;
				CLANG_WARN_ENUM_CONVERSION = YES;
				CLANG_WARN_INT_CONVERSION = YES;
				CLANG_WARN_OBJC_ROOT_CLASS = YES_ERROR;
				CLANG_WARN__DUPLICATE_METHOD_MATCH = YES;
				"CODE_SIGN_IDENTITY[sdk=iphoneos*]" = "iPhone Developer";
				COPY_PHASE_STRIP = YES;
				ENABLE_NS_ASSERTIONS = NO;
				GCC_C_LANGUAGE_STANDARD = gnu99;
				GCC_WARN_64_TO_32_BIT_CONVERSION = YES;
				GCC_WARN_ABOUT_RETURN_TYPE = YES_ERROR;
				GCC_WARN_UNDECLARED_SELECTOR = YES;
				GCC_WARN_UNINITIALIZED_AUTOS = YES;
				GCC_WARN_UNUSED_FUNCTION = YES;
				GCC_WARN_UNUSED_VARIABLE = YES;
				IPHONEOS_DEPLOYMENT_TARGET = 7.0;
				SDKROOT = iphoneos;
				VALIDATE_PRODUCT = YES;
			};
			name = Release;
		};
		15A2AB9E1894ABD20075B056 /* Debug */ = {
			isa = XCBuildConfiguration;
			baseConfigurationReference = A3AC4D5A77D14647A7337772 /* Pods.xcconfig */;
			buildSettings = {
				ASSETCATALOG_COMPILER_APPICON_NAME = AppIcon;
				ASSETCATALOG_COMPILER_LAUNCHIMAGE_NAME = LaunchImage;
				GCC_PRECOMPILE_PREFIX_HEADER = YES;
				GCC_PREFIX_HEADER = "TwitterClient/TwitterClient-Prefix.pch";
				INFOPLIST_FILE = "TwitterClient/TwitterClient-Info.plist";
				PRODUCT_NAME = "$(TARGET_NAME)";
				WRAPPER_EXTENSION = app;
			};
			name = Debug;
		};
		15A2AB9F1894ABD20075B056 /* Release */ = {
			isa = XCBuildConfiguration;
			baseConfigurationReference = A3AC4D5A77D14647A7337772 /* Pods.xcconfig */;
			buildSettings = {
				ASSETCATALOG_COMPILER_APPICON_NAME = AppIcon;
				ASSETCATALOG_COMPILER_LAUNCHIMAGE_NAME = LaunchImage;
				GCC_PRECOMPILE_PREFIX_HEADER = YES;
				GCC_PREFIX_HEADER = "TwitterClient/TwitterClient-Prefix.pch";
				INFOPLIST_FILE = "TwitterClient/TwitterClient-Info.plist";
				PRODUCT_NAME = "$(TARGET_NAME)";
				WRAPPER_EXTENSION = app;
			};
			name = Release;
		};
		15A2ABA11894ABD20075B056 /* Debug */ = {
			isa = XCBuildConfiguration;
			buildSettings = {
				ARCHS = "$(ARCHS_STANDARD_INCLUDING_64_BIT)";
				BUNDLE_LOADER = "$(BUILT_PRODUCTS_DIR)/TwitterClient.app/TwitterClient";
				FRAMEWORK_SEARCH_PATHS = (
					"$(SDKROOT)/Developer/Library/Frameworks",
					"$(inherited)",
					"$(DEVELOPER_FRAMEWORKS_DIR)",
				);
				GCC_PRECOMPILE_PREFIX_HEADER = YES;
				GCC_PREFIX_HEADER = "TwitterClient/TwitterClient-Prefix.pch";
				GCC_PREPROCESSOR_DEFINITIONS = (
					"DEBUG=1",
					"$(inherited)",
				);
				INFOPLIST_FILE = "TwitterClientTests/TwitterClientTests-Info.plist";
				PRODUCT_NAME = "$(TARGET_NAME)";
				TEST_HOST = "$(BUNDLE_LOADER)";
				WRAPPER_EXTENSION = xctest;
			};
			name = Debug;
		};
		15A2ABA21894ABD20075B056 /* Release */ = {
			isa = XCBuildConfiguration;
			buildSettings = {
				ARCHS = "$(ARCHS_STANDARD_INCLUDING_64_BIT)";
				BUNDLE_LOADER = "$(BUILT_PRODUCTS_DIR)/TwitterClient.app/TwitterClient";
				FRAMEWORK_SEARCH_PATHS = (
					"$(SDKROOT)/Developer/Library/Frameworks",
					"$(inherited)",
					"$(DEVELOPER_FRAMEWORKS_DIR)",
				);
				GCC_PRECOMPILE_PREFIX_HEADER = YES;
				GCC_PREFIX_HEADER = "TwitterClient/TwitterClient-Prefix.pch";
				INFOPLIST_FILE = "TwitterClientTests/TwitterClientTests-Info.plist";
				PRODUCT_NAME = "$(TARGET_NAME)";
				TEST_HOST = "$(BUNDLE_LOADER)";
				WRAPPER_EXTENSION = xctest;
			};
			name = Release;
		};
/* End XCBuildConfiguration section */

/* Begin XCConfigurationList section */
		15A2AB6C1894ABD10075B056 /* Build configuration list for PBXProject "TwitterClient" */ = {
			isa = XCConfigurationList;
			buildConfigurations = (
				15A2AB9B1894ABD20075B056 /* Debug */,
				15A2AB9C1894ABD20075B056 /* Release */,
			);
			defaultConfigurationIsVisible = 0;
			defaultConfigurationName = Release;
		};
		15A2AB9D1894ABD20075B056 /* Build configuration list for PBXNativeTarget "TwitterClient" */ = {
			isa = XCConfigurationList;
			buildConfigurations = (
				15A2AB9E1894ABD20075B056 /* Debug */,
				15A2AB9F1894ABD20075B056 /* Release */,
			);
			defaultConfigurationIsVisible = 0;
			defaultConfigurationName = Release;
		};
		15A2ABA01894ABD20075B056 /* Build configuration list for PBXNativeTarget "TwitterClientTests" */ = {
			isa = XCConfigurationList;
			buildConfigurations = (
				15A2ABA11894ABD20075B056 /* Debug */,
				15A2ABA21894ABD20075B056 /* Release */,
			);
			defaultConfigurationIsVisible = 0;
			defaultConfigurationName = Release;
		};
/* End XCConfigurationList section */
	};
	rootObject = 15A2AB691894ABD10075B056 /* Project object */;
}
